
Microsoft Visual Studio Solution File, Format Version 12.00
# Visual Studio Version 17
VisualStudioVersion = 17.5.002.0
MinimumVisualStudioVersion = 10.0.40219.1
Project("{9A19103F-16F7-4668-BE54-9A1E7A4F7556}") = "SourceApi", "Server\SourceApi.csproj", "{E3248728-FE3C-4133-AAE6-020262991183}"
EndProject
Project("{9A19103F-16F7-4668-BE54-9A1E7A4F7556}") = "SourceApiTests", "Tests\SourceApiTests.csproj", "{B6C1EFBA-4807-47B5-A454-09727CC3D803}"
EndProject
Global
	GlobalSection(SolutionConfigurationPlatforms) = preSolution
		Debug|Any CPU = Debug|Any CPU
		Release|Any CPU = Release|Any CPU
	EndGlobalSection
	GlobalSection(ProjectConfigurationPlatforms) = postSolution
		{E3248728-FE3C-4133-AAE6-020262991183}.Debug|Any CPU.ActiveCfg = Debug|Any CPU
		{E3248728-FE3C-4133-AAE6-020262991183}.Debug|Any CPU.Build.0 = Debug|Any CPU
		{E3248728-FE3C-4133-AAE6-020262991183}.Release|Any CPU.ActiveCfg = Release|Any CPU
		{E3248728-FE3C-4133-AAE6-020262991183}.Release|Any CPU.Build.0 = Release|Any CPU
		{B6C1EFBA-4807-47B5-A454-09727CC3D803}.Debug|Any CPU.ActiveCfg = Debug|Any CPU
		{B6C1EFBA-4807-47B5-A454-09727CC3D803}.Debug|Any CPU.Build.0 = Debug|Any CPU
		{B6C1EFBA-4807-47B5-A454-09727CC3D803}.Release|Any CPU.ActiveCfg = Release|Any CPU
		{B6C1EFBA-4807-47B5-A454-09727CC3D803}.Release|Any CPU.Build.0 = Release|Any CPU
	EndGlobalSection
	GlobalSection(SolutionProperties) = preSolution
		HideSolutionNode = FALSE
	EndGlobalSection
	GlobalSection(ExtensibilityGlobals) = postSolution
		SolutionGuid = {AAA0CA71-35E4-4E2E-A59E-700D515304A1}
	EndGlobalSection
EndGlobal
