
Microsoft Visual Studio Solution File, Format Version 12.00
# Visual Studio Version 17
VisualStudioVersion = 17.0.31903.59
MinimumVisualStudioVersion = 10.0.40219.1
Project("{2150E333-8FDC-42A3-9474-1A3956D46DE8}") = "ErrorCalculatorApi", "ErrorCalculatorApi", "{B273FAEA-5F32-4F28-8FBD-D3BA21484E75}"
EndProject
Project("{FAE04EC0-301F-11D3-BF4B-00C04F79EFBC}") = "ErrorCalculatorApi", "ErrorCalculatorApi\Server\ErrorCalculatorApi.csproj", "{9086033B-236D-49FB-BB76-B43518B515F6}"
EndProject
Project("{FAE04EC0-301F-11D3-BF4B-00C04F79EFBC}") = "ErrorCalculatorApiTests", "ErrorCalculatorApi\Tests\ErrorCalculatorApiTests.csproj", "{88EF6A0C-EDEE-47F6-96F4-F41EA40E3F39}"
EndProject
Project("{2150E333-8FDC-42A3-9474-1A3956D46DE8}") = "MeterTestSystemApi", "MeterTestSystemApi", "{93B4138A-9BF0-426E-944A-B7F029F48DF0}"
EndProject
Project("{FAE04EC0-301F-11D3-BF4B-00C04F79EFBC}") = "MeterTestSystemApi", "MeterTestSystemApi\Server\MeterTestSystemApi.csproj", "{A5812304-6852-4F9E-B901-D35A53A90261}"
EndProject
Project("{FAE04EC0-301F-11D3-BF4B-00C04F79EFBC}") = "MeterTestSystemApiTests", "MeterTestSystemApi\Tests\MeterTestSystemApiTests.csproj", "{CE75C10E-DF6C-4BF5-8DAA-BBB5E569FFAD}"
EndProject
Project("{2150E333-8FDC-42A3-9474-1A3956D46DE8}") = "RefMeterApi", "RefMeterApi", "{60812B97-568E-4C55-9A0F-D228C4CC0B25}"
EndProject
Project("{FAE04EC0-301F-11D3-BF4B-00C04F79EFBC}") = "RefMeterApi", "RefMeterApi\Server\RefMeterApi.csproj", "{F01464F3-3E0B-423E-9716-4E8BCC3912AD}"
EndProject
Project("{FAE04EC0-301F-11D3-BF4B-00C04F79EFBC}") = "RefMeterApiTests", "RefMeterApi\Tests\RefMeterApiTests.csproj", "{F4DFA446-4FDC-43D4-ACDD-57767179A354}"
EndProject
Project("{2150E333-8FDC-42A3-9474-1A3956D46DE8}") = "SerialPortProxy", "SerialPortProxy", "{887D53BD-56A3-406A-BC5E-39291E5BFB53}"
EndProject
Project("{FAE04EC0-301F-11D3-BF4B-00C04F79EFBC}") = "SerialPortProxy", "SerialPortProxy\Library\SerialPortProxy.csproj", "{E80A72D3-95A1-432B-9660-93A365B82390}"
EndProject
Project("{FAE04EC0-301F-11D3-BF4B-00C04F79EFBC}") = "SerialPortProxyTests", "SerialPortProxy\Tests\SerialPortProxyTests.csproj", "{ED383753-F462-4D10-915B-5B6ACED96F56}"
EndProject
Project("{2150E333-8FDC-42A3-9474-1A3956D46DE8}") = "SourceApi", "SourceApi", "{513327ED-552B-427B-93F5-D44E8EFED6F0}"
EndProject
Project("{FAE04EC0-301F-11D3-BF4B-00C04F79EFBC}") = "SourceApi", "SourceApi\Server\SourceApi.csproj", "{026A798C-67BB-4A46-A3A1-0836F6A3C1E5}"
EndProject
Project("{FAE04EC0-301F-11D3-BF4B-00C04F79EFBC}") = "SourceApiTests", "SourceApi\Tests\SourceApiTests.csproj", "{400774FB-1B29-4752-A7C5-C0B957171190}"
EndProject
Project("{2150E333-8FDC-42A3-9474-1A3956D46DE8}") = "WebServer", "WebServer", "{651AE1AD-FDE1-41AB-8995-1A0C56C714CC}"
EndProject
Project("{FAE04EC0-301F-11D3-BF4B-00C04F79EFBC}") = "WebSamDeviceApis", "WebServer\Server\WebSamDeviceApis.csproj", "{38CD1642-700B-4CCB-B640-7FE01381AA19}"
EndProject
Project("{FAE04EC0-301F-11D3-BF4B-00C04F79EFBC}") = "WebSamDeviceApis.Tests", "WebServer\Tests\WebSamDeviceApis.Tests.csproj", "{05DFA854-4948-4A2A-9F96-469091DACFC1}"
EndProject
Global
	GlobalSection(SolutionConfigurationPlatforms) = preSolution
		Debug|Any CPU = Debug|Any CPU
		Release|Any CPU = Release|Any CPU
	EndGlobalSection
	GlobalSection(SolutionProperties) = preSolution
		HideSolutionNode = FALSE
	EndGlobalSection
	GlobalSection(ProjectConfigurationPlatforms) = postSolution
		{9086033B-236D-49FB-BB76-B43518B515F6}.Debug|Any CPU.ActiveCfg = Debug|Any CPU
		{9086033B-236D-49FB-BB76-B43518B515F6}.Debug|Any CPU.Build.0 = Debug|Any CPU
		{9086033B-236D-49FB-BB76-B43518B515F6}.Release|Any CPU.ActiveCfg = Release|Any CPU
		{9086033B-236D-49FB-BB76-B43518B515F6}.Release|Any CPU.Build.0 = Release|Any CPU
		{88EF6A0C-EDEE-47F6-96F4-F41EA40E3F39}.Debug|Any CPU.ActiveCfg = Debug|Any CPU
		{88EF6A0C-EDEE-47F6-96F4-F41EA40E3F39}.Debug|Any CPU.Build.0 = Debug|Any CPU
		{88EF6A0C-EDEE-47F6-96F4-F41EA40E3F39}.Release|Any CPU.ActiveCfg = Release|Any CPU
		{88EF6A0C-EDEE-47F6-96F4-F41EA40E3F39}.Release|Any CPU.Build.0 = Release|Any CPU
		{A5812304-6852-4F9E-B901-D35A53A90261}.Debug|Any CPU.ActiveCfg = Debug|Any CPU
		{A5812304-6852-4F9E-B901-D35A53A90261}.Debug|Any CPU.Build.0 = Debug|Any CPU
		{A5812304-6852-4F9E-B901-D35A53A90261}.Release|Any CPU.ActiveCfg = Release|Any CPU
		{A5812304-6852-4F9E-B901-D35A53A90261}.Release|Any CPU.Build.0 = Release|Any CPU
		{CE75C10E-DF6C-4BF5-8DAA-BBB5E569FFAD}.Debug|Any CPU.ActiveCfg = Debug|Any CPU
		{CE75C10E-DF6C-4BF5-8DAA-BBB5E569FFAD}.Debug|Any CPU.Build.0 = Debug|Any CPU
		{CE75C10E-DF6C-4BF5-8DAA-BBB5E569FFAD}.Release|Any CPU.ActiveCfg = Release|Any CPU
		{CE75C10E-DF6C-4BF5-8DAA-BBB5E569FFAD}.Release|Any CPU.Build.0 = Release|Any CPU
		{F01464F3-3E0B-423E-9716-4E8BCC3912AD}.Debug|Any CPU.ActiveCfg = Debug|Any CPU
		{F01464F3-3E0B-423E-9716-4E8BCC3912AD}.Debug|Any CPU.Build.0 = Debug|Any CPU
		{F01464F3-3E0B-423E-9716-4E8BCC3912AD}.Release|Any CPU.ActiveCfg = Release|Any CPU
		{F01464F3-3E0B-423E-9716-4E8BCC3912AD}.Release|Any CPU.Build.0 = Release|Any CPU
		{F4DFA446-4FDC-43D4-ACDD-57767179A354}.Debug|Any CPU.ActiveCfg = Debug|Any CPU
		{F4DFA446-4FDC-43D4-ACDD-57767179A354}.Debug|Any CPU.Build.0 = Debug|Any CPU
		{F4DFA446-4FDC-43D4-ACDD-57767179A354}.Release|Any CPU.ActiveCfg = Release|Any CPU
		{F4DFA446-4FDC-43D4-ACDD-57767179A354}.Release|Any CPU.Build.0 = Release|Any CPU
		{E80A72D3-95A1-432B-9660-93A365B82390}.Debug|Any CPU.ActiveCfg = Debug|Any CPU
		{E80A72D3-95A1-432B-9660-93A365B82390}.Debug|Any CPU.Build.0 = Debug|Any CPU
		{E80A72D3-95A1-432B-9660-93A365B82390}.Release|Any CPU.ActiveCfg = Release|Any CPU
		{E80A72D3-95A1-432B-9660-93A365B82390}.Release|Any CPU.Build.0 = Release|Any CPU
		{ED383753-F462-4D10-915B-5B6ACED96F56}.Debug|Any CPU.ActiveCfg = Debug|Any CPU
		{ED383753-F462-4D10-915B-5B6ACED96F56}.Debug|Any CPU.Build.0 = Debug|Any CPU
		{ED383753-F462-4D10-915B-5B6ACED96F56}.Release|Any CPU.ActiveCfg = Release|Any CPU
		{ED383753-F462-4D10-915B-5B6ACED96F56}.Release|Any CPU.Build.0 = Release|Any CPU
		{026A798C-67BB-4A46-A3A1-0836F6A3C1E5}.Debug|Any CPU.ActiveCfg = Debug|Any CPU
		{026A798C-67BB-4A46-A3A1-0836F6A3C1E5}.Debug|Any CPU.Build.0 = Debug|Any CPU
		{026A798C-67BB-4A46-A3A1-0836F6A3C1E5}.Release|Any CPU.ActiveCfg = Release|Any CPU
		{026A798C-67BB-4A46-A3A1-0836F6A3C1E5}.Release|Any CPU.Build.0 = Release|Any CPU
		{400774FB-1B29-4752-A7C5-C0B957171190}.Debug|Any CPU.ActiveCfg = Debug|Any CPU
		{400774FB-1B29-4752-A7C5-C0B957171190}.Debug|Any CPU.Build.0 = Debug|Any CPU
		{400774FB-1B29-4752-A7C5-C0B957171190}.Release|Any CPU.ActiveCfg = Release|Any CPU
		{400774FB-1B29-4752-A7C5-C0B957171190}.Release|Any CPU.Build.0 = Release|Any CPU
		{38CD1642-700B-4CCB-B640-7FE01381AA19}.Debug|Any CPU.ActiveCfg = Debug|Any CPU
		{38CD1642-700B-4CCB-B640-7FE01381AA19}.Debug|Any CPU.Build.0 = Debug|Any CPU
		{38CD1642-700B-4CCB-B640-7FE01381AA19}.Release|Any CPU.ActiveCfg = Release|Any CPU
		{38CD1642-700B-4CCB-B640-7FE01381AA19}.Release|Any CPU.Build.0 = Release|Any CPU
		{05DFA854-4948-4A2A-9F96-469091DACFC1}.Debug|Any CPU.ActiveCfg = Debug|Any CPU
		{05DFA854-4948-4A2A-9F96-469091DACFC1}.Debug|Any CPU.Build.0 = Debug|Any CPU
		{05DFA854-4948-4A2A-9F96-469091DACFC1}.Release|Any CPU.ActiveCfg = Release|Any CPU
		{05DFA854-4948-4A2A-9F96-469091DACFC1}.Release|Any CPU.Build.0 = Release|Any CPU
	EndGlobalSection
	GlobalSection(NestedProjects) = preSolution
		{9086033B-236D-49FB-BB76-B43518B515F6} = {B273FAEA-5F32-4F28-8FBD-D3BA21484E75}
		{88EF6A0C-EDEE-47F6-96F4-F41EA40E3F39} = {B273FAEA-5F32-4F28-8FBD-D3BA21484E75}
		{A5812304-6852-4F9E-B901-D35A53A90261} = {93B4138A-9BF0-426E-944A-B7F029F48DF0}
		{CE75C10E-DF6C-4BF5-8DAA-BBB5E569FFAD} = {93B4138A-9BF0-426E-944A-B7F029F48DF0}
		{F01464F3-3E0B-423E-9716-4E8BCC3912AD} = {60812B97-568E-4C55-9A0F-D228C4CC0B25}
		{F4DFA446-4FDC-43D4-ACDD-57767179A354} = {60812B97-568E-4C55-9A0F-D228C4CC0B25}
		{E80A72D3-95A1-432B-9660-93A365B82390} = {887D53BD-56A3-406A-BC5E-39291E5BFB53}
		{ED383753-F462-4D10-915B-5B6ACED96F56} = {887D53BD-56A3-406A-BC5E-39291E5BFB53}
		{026A798C-67BB-4A46-A3A1-0836F6A3C1E5} = {513327ED-552B-427B-93F5-D44E8EFED6F0}
		{400774FB-1B29-4752-A7C5-C0B957171190} = {513327ED-552B-427B-93F5-D44E8EFED6F0}
		{38CD1642-700B-4CCB-B640-7FE01381AA19} = {651AE1AD-FDE1-41AB-8995-1A0C56C714CC}
		{05DFA854-4948-4A2A-9F96-469091DACFC1} = {651AE1AD-FDE1-41AB-8995-1A0C56C714CC}
	EndGlobalSection
EndGlobal
