
Microsoft Visual Studio Solution File, Format Version 12.00
# Visual Studio Version 17
VisualStudioVersion = 17.0.31903.59
MinimumVisualStudioVersion = 10.0.40219.1
Project("{2150E333-8FDC-42A3-9474-1A3956D46DE8}") = "MeterTestSystemApi", "MeterTestSystemApi", "{93B4138A-9BF0-426E-944A-B7F029F48DF0}"
EndProject
Project("{FAE04EC0-301F-11D3-BF4B-00C04F79EFBC}") = "MeterTestSystemApi", "MeterTestSystemApi\Server\MeterTestSystemApi.csproj", "{A5812304-6852-4F9E-B901-D35A53A90261}"
EndProject
Project("{FAE04EC0-301F-11D3-BF4B-00C04F79EFBC}") = "MeterTestSystemApiTests", "MeterTestSystemApi\Tests\MeterTestSystemApiTests.csproj", "{CE75C10E-DF6C-4BF5-8DAA-BBB5E569FFAD}"
EndProject
Project("{2150E333-8FDC-42A3-9474-1A3956D46DE8}") = "SerialPortProxy", "SerialPortProxy", "{887D53BD-56A3-406A-BC5E-39291E5BFB53}"
EndProject
Project("{FAE04EC0-301F-11D3-BF4B-00C04F79EFBC}") = "SerialPortProxy", "SerialPortProxy\Library\SerialPortProxy.csproj", "{E80A72D3-95A1-432B-9660-93A365B82390}"
EndProject
Project("{FAE04EC0-301F-11D3-BF4B-00C04F79EFBC}") = "SerialPortProxyTests", "SerialPortProxy\Tests\SerialPortProxyTests.csproj", "{ED383753-F462-4D10-915B-5B6ACED96F56}"
EndProject
Project("{2150E333-8FDC-42A3-9474-1A3956D46DE8}") = "WebServer", "WebServer", "{651AE1AD-FDE1-41AB-8995-1A0C56C714CC}"
EndProject
Project("{FAE04EC0-301F-11D3-BF4B-00C04F79EFBC}") = "WebSamDeviceApis", "WebServer\Server\WebSamDeviceApis.csproj", "{38CD1642-700B-4CCB-B640-7FE01381AA19}"
EndProject
Project("{FAE04EC0-301F-11D3-BF4B-00C04F79EFBC}") = "WebSamDeviceApis.Tests", "WebServer\Tests\WebSamDeviceApis.Tests.csproj", "{05DFA854-4948-4A2A-9F96-469091DACFC1}"
EndProject
Project("{2150E333-8FDC-42A3-9474-1A3956D46DE8}") = "BarcodeApi", "BarcodeApi", "{47146359-9C01-42F0-9BC3-25CF7FF00606}"
EndProject
Project("{FAE04EC0-301F-11D3-BF4B-00C04F79EFBC}") = "BarcodeApi", "BarcodeApi\Server\BarcodeApi.csproj", "{7CF15C4E-D30D-4304-AE99-5B3A2B36D6C7}"
EndProject
Project("{FAE04EC0-301F-11D3-BF4B-00C04F79EFBC}") = "BarcodeApiTests", "BarcodeApi\Tests\BarcodeApiTests.csproj", "{0D140C26-68F2-4548-9804-A88A08F08B7D}"
EndProject
Project("{2150E333-8FDC-42A3-9474-1A3956D46DE8}") = "DutApi", "DutApi", "{875728F8-F1FA-4EDA-A8B0-BD88E336DC66}"
EndProject
Project("{FAE04EC0-301F-11D3-BF4B-00C04F79EFBC}") = "DutApi", "DutApi\Server\DutApi.csproj", "{8E9DE2A0-053B-45E3-9BA1-6190B9DD44F9}"
EndProject
Project("{FAE04EC0-301F-11D3-BF4B-00C04F79EFBC}") = "DutApiTests", "DutApi\Tests\DutApiTests.csproj", "{B54598E2-AE2B-4999-82E6-046461D16F34}"
EndProject
Project("{2150E333-8FDC-42A3-9474-1A3956D46DE8}") = "ZIFApi", "ZIFApi", "{C5B8D691-F756-4D09-B0D0-45B3203D7D76}"
EndProject
Project("{FAE04EC0-301F-11D3-BF4B-00C04F79EFBC}") = "ZIFApi", "ZIFApi\Server\ZIFApi.csproj", "{7B60F93E-9713-4E9E-BAF9-C8F3BE5D7613}"
EndProject
Project("{FAE04EC0-301F-11D3-BF4B-00C04F79EFBC}") = "ZIFApiTests", "ZIFApi\Tests\ZIFApiTests.csproj", "{7B9C5D6F-B56E-426F-96BF-5763A7736FC6}"
EndProject
Project("{2150E333-8FDC-42A3-9474-1A3956D46DE8}") = "BurdenApi", "BurdenApi", "{71AE9F5E-6444-47E9-AA5B-64A846C1A5AF}"
EndProject
Project("{FAE04EC0-301F-11D3-BF4B-00C04F79EFBC}") = "BurdenApi", "BurdenApi\Server\BurdenApi.csproj", "{36DD7B65-C979-4215-B8F9-30CCCF48D5EE}"
EndProject
Project("{FAE04EC0-301F-11D3-BF4B-00C04F79EFBC}") = "BurdenApiTests", "BurdenApi\Tests\BurdenApiTests.csproj", "{ED58EF71-13D2-45F3-985C-F274F1C14CE7}"
EndProject
Project("{2150E333-8FDC-42A3-9474-1A3956D46DE8}") = "WatchDogApi", "WatchDogApi", "{FD1F7532-292E-4A5A-BD82-D1764844FD38}"
EndProject
Project("{FAE04EC0-301F-11D3-BF4B-00C04F79EFBC}") = "WatchDogApi", "WatchDogApi\Server\WatchDogApi.csproj", "{E7E5E2C2-A663-4090-978E-8BE869A8DA57}"
EndProject
Project("{FAE04EC0-301F-11D3-BF4B-00C04F79EFBC}") = "WatchDogApiTests", "WatchDogApi\Tests\WatchDogApiTests.csproj", "{4CEBE69E-5C84-4726-B350-93DA2ADDD9AB}"
EndProject
Project("{2150E333-8FDC-42A3-9474-1A3956D46DE8}") = "Provider", "Provider", "{552A39A2-23EB-4C08-B4BC-D2D381984CD7}"
EndProject
Project("{2150E333-8FDC-42A3-9474-1A3956D46DE8}") = "MockDevices", "MockDevices", "{CCBA0B6A-D911-4133-A66B-726D9A95DF29}"
EndProject
Project("{FAE04EC0-301F-11D3-BF4B-00C04F79EFBC}") = "MockDevices", "Provider\MockDevices\Server\MockDevices.csproj", "{70C6DD0D-4E65-4F98-9BD0-18DAD71FF4D6}"
EndProject
Project("{FAE04EC0-301F-11D3-BF4B-00C04F79EFBC}") = "MockDeviceTests", "Provider\MockDevices\Tests\MockDeviceTests.csproj", "{F42121C1-5EEE-4F54-8A35-B23ECCC72461}"
EndProject
Project("{2150E333-8FDC-42A3-9474-1A3956D46DE8}") = "RestDevices", "RestDevices", "{B61409CC-59C3-4230-813E-B00BF8743527}"
EndProject
Project("{FAE04EC0-301F-11D3-BF4B-00C04F79EFBC}") = "RestDevices", "Provider\RestDevices\Server\RestDevices.csproj", "{37529B55-3E19-4DB4-8EAA-057C88F2A7F5}"
EndProject
Project("{FAE04EC0-301F-11D3-BF4B-00C04F79EFBC}") = "RestDeviceTests", "Provider\RestDevices\Tests\RestDeviceTests.csproj", "{F9D9DAE6-59D8-4DC2-BA4C-EB4E66296961}"
EndProject
Project("{2150E333-8FDC-42A3-9474-1A3956D46DE8}") = "VeinDevices", "VeinDevices", "{8E286150-B195-40D9-8C74-C6A06530F5C0}"
EndProject
Project("{FAE04EC0-301F-11D3-BF4B-00C04F79EFBC}") = "VeinDevices", "Provider\VeinDevices\Server\VeinDevices.csproj", "{973F87C3-F330-4943-98DF-CA775B58CA4C}"
EndProject
Project("{FAE04EC0-301F-11D3-BF4B-00C04F79EFBC}") = "VeinDeviceTests", "Provider\VeinDevices\Tests\VeinDeviceTests.csproj", "{D05C26FC-4A15-4719-902B-A5204CE12784}"
EndProject
Project("{2150E333-8FDC-42A3-9474-1A3956D46DE8}") = "ZeraDevices", "ZeraDevices", "{CA63B94E-975D-4DED-9FA8-31CE96309C7B}"
EndProject
Project("{FAE04EC0-301F-11D3-BF4B-00C04F79EFBC}") = "ZeraDevices", "Provider\ZeraDevices\Server\ZeraDevices.csproj", "{9202B939-D937-4CD6-8313-C78B8358A379}"
EndProject
Project("{FAE04EC0-301F-11D3-BF4B-00C04F79EFBC}") = "ZeraDeviceTests", "Provider\ZeraDevices\Tests\ZeraDeviceTests.csproj", "{48158300-4701-4694-A242-7D3FFB31A1AA}"
EndProject
Global
	GlobalSection(SolutionConfigurationPlatforms) = preSolution
		Debug|Any CPU = Debug|Any CPU
		Release|Any CPU = Release|Any CPU
	EndGlobalSection
	GlobalSection(SolutionProperties) = preSolution
		HideSolutionNode = FALSE
	EndGlobalSection
	GlobalSection(ProjectConfigurationPlatforms) = postSolution
		{A5812304-6852-4F9E-B901-D35A53A90261}.Debug|Any CPU.ActiveCfg = Debug|Any CPU
		{A5812304-6852-4F9E-B901-D35A53A90261}.Debug|Any CPU.Build.0 = Debug|Any CPU
		{A5812304-6852-4F9E-B901-D35A53A90261}.Release|Any CPU.ActiveCfg = Release|Any CPU
		{A5812304-6852-4F9E-B901-D35A53A90261}.Release|Any CPU.Build.0 = Release|Any CPU
		{CE75C10E-DF6C-4BF5-8DAA-BBB5E569FFAD}.Debug|Any CPU.ActiveCfg = Debug|Any CPU
		{CE75C10E-DF6C-4BF5-8DAA-BBB5E569FFAD}.Debug|Any CPU.Build.0 = Debug|Any CPU
		{CE75C10E-DF6C-4BF5-8DAA-BBB5E569FFAD}.Release|Any CPU.ActiveCfg = Release|Any CPU
		{CE75C10E-DF6C-4BF5-8DAA-BBB5E569FFAD}.Release|Any CPU.Build.0 = Release|Any CPU
		{E80A72D3-95A1-432B-9660-93A365B82390}.Debug|Any CPU.ActiveCfg = Debug|Any CPU
		{E80A72D3-95A1-432B-9660-93A365B82390}.Debug|Any CPU.Build.0 = Debug|Any CPU
		{E80A72D3-95A1-432B-9660-93A365B82390}.Release|Any CPU.ActiveCfg = Release|Any CPU
		{E80A72D3-95A1-432B-9660-93A365B82390}.Release|Any CPU.Build.0 = Release|Any CPU
		{ED383753-F462-4D10-915B-5B6ACED96F56}.Debug|Any CPU.ActiveCfg = Debug|Any CPU
		{ED383753-F462-4D10-915B-5B6ACED96F56}.Debug|Any CPU.Build.0 = Debug|Any CPU
		{ED383753-F462-4D10-915B-5B6ACED96F56}.Release|Any CPU.ActiveCfg = Release|Any CPU
		{ED383753-F462-4D10-915B-5B6ACED96F56}.Release|Any CPU.Build.0 = Release|Any CPU
		{38CD1642-700B-4CCB-B640-7FE01381AA19}.Debug|Any CPU.ActiveCfg = Debug|Any CPU
		{38CD1642-700B-4CCB-B640-7FE01381AA19}.Debug|Any CPU.Build.0 = Debug|Any CPU
		{38CD1642-700B-4CCB-B640-7FE01381AA19}.Release|Any CPU.ActiveCfg = Release|Any CPU
		{38CD1642-700B-4CCB-B640-7FE01381AA19}.Release|Any CPU.Build.0 = Release|Any CPU
		{05DFA854-4948-4A2A-9F96-469091DACFC1}.Debug|Any CPU.ActiveCfg = Debug|Any CPU
		{05DFA854-4948-4A2A-9F96-469091DACFC1}.Debug|Any CPU.Build.0 = Debug|Any CPU
		{05DFA854-4948-4A2A-9F96-469091DACFC1}.Release|Any CPU.ActiveCfg = Release|Any CPU
		{05DFA854-4948-4A2A-9F96-469091DACFC1}.Release|Any CPU.Build.0 = Release|Any CPU
		{7CF15C4E-D30D-4304-AE99-5B3A2B36D6C7}.Debug|Any CPU.ActiveCfg = Debug|Any CPU
		{7CF15C4E-D30D-4304-AE99-5B3A2B36D6C7}.Debug|Any CPU.Build.0 = Debug|Any CPU
		{7CF15C4E-D30D-4304-AE99-5B3A2B36D6C7}.Release|Any CPU.ActiveCfg = Release|Any CPU
		{7CF15C4E-D30D-4304-AE99-5B3A2B36D6C7}.Release|Any CPU.Build.0 = Release|Any CPU
		{0D140C26-68F2-4548-9804-A88A08F08B7D}.Debug|Any CPU.ActiveCfg = Debug|Any CPU
		{0D140C26-68F2-4548-9804-A88A08F08B7D}.Debug|Any CPU.Build.0 = Debug|Any CPU
		{0D140C26-68F2-4548-9804-A88A08F08B7D}.Release|Any CPU.ActiveCfg = Release|Any CPU
		{0D140C26-68F2-4548-9804-A88A08F08B7D}.Release|Any CPU.Build.0 = Release|Any CPU
		{8E9DE2A0-053B-45E3-9BA1-6190B9DD44F9}.Debug|Any CPU.ActiveCfg = Debug|Any CPU
		{8E9DE2A0-053B-45E3-9BA1-6190B9DD44F9}.Debug|Any CPU.Build.0 = Debug|Any CPU
		{8E9DE2A0-053B-45E3-9BA1-6190B9DD44F9}.Release|Any CPU.ActiveCfg = Release|Any CPU
		{8E9DE2A0-053B-45E3-9BA1-6190B9DD44F9}.Release|Any CPU.Build.0 = Release|Any CPU
		{B54598E2-AE2B-4999-82E6-046461D16F34}.Debug|Any CPU.ActiveCfg = Debug|Any CPU
		{B54598E2-AE2B-4999-82E6-046461D16F34}.Debug|Any CPU.Build.0 = Debug|Any CPU
		{B54598E2-AE2B-4999-82E6-046461D16F34}.Release|Any CPU.ActiveCfg = Release|Any CPU
		{B54598E2-AE2B-4999-82E6-046461D16F34}.Release|Any CPU.Build.0 = Release|Any CPU
		{7B60F93E-9713-4E9E-BAF9-C8F3BE5D7613}.Debug|Any CPU.ActiveCfg = Debug|Any CPU
		{7B60F93E-9713-4E9E-BAF9-C8F3BE5D7613}.Debug|Any CPU.Build.0 = Debug|Any CPU
		{7B60F93E-9713-4E9E-BAF9-C8F3BE5D7613}.Release|Any CPU.ActiveCfg = Release|Any CPU
		{7B60F93E-9713-4E9E-BAF9-C8F3BE5D7613}.Release|Any CPU.Build.0 = Release|Any CPU
		{7B9C5D6F-B56E-426F-96BF-5763A7736FC6}.Debug|Any CPU.ActiveCfg = Debug|Any CPU
		{7B9C5D6F-B56E-426F-96BF-5763A7736FC6}.Debug|Any CPU.Build.0 = Debug|Any CPU
		{7B9C5D6F-B56E-426F-96BF-5763A7736FC6}.Release|Any CPU.ActiveCfg = Release|Any CPU
		{7B9C5D6F-B56E-426F-96BF-5763A7736FC6}.Release|Any CPU.Build.0 = Release|Any CPU
		{36DD7B65-C979-4215-B8F9-30CCCF48D5EE}.Debug|Any CPU.ActiveCfg = Debug|Any CPU
		{36DD7B65-C979-4215-B8F9-30CCCF48D5EE}.Debug|Any CPU.Build.0 = Debug|Any CPU
		{36DD7B65-C979-4215-B8F9-30CCCF48D5EE}.Release|Any CPU.ActiveCfg = Release|Any CPU
		{36DD7B65-C979-4215-B8F9-30CCCF48D5EE}.Release|Any CPU.Build.0 = Release|Any CPU
		{ED58EF71-13D2-45F3-985C-F274F1C14CE7}.Debug|Any CPU.ActiveCfg = Debug|Any CPU
		{ED58EF71-13D2-45F3-985C-F274F1C14CE7}.Debug|Any CPU.Build.0 = Debug|Any CPU
		{ED58EF71-13D2-45F3-985C-F274F1C14CE7}.Release|Any CPU.ActiveCfg = Release|Any CPU
		{ED58EF71-13D2-45F3-985C-F274F1C14CE7}.Release|Any CPU.Build.0 = Release|Any CPU
		{E7E5E2C2-A663-4090-978E-8BE869A8DA57}.Debug|Any CPU.ActiveCfg = Debug|Any CPU
		{E7E5E2C2-A663-4090-978E-8BE869A8DA57}.Debug|Any CPU.Build.0 = Debug|Any CPU
		{E7E5E2C2-A663-4090-978E-8BE869A8DA57}.Release|Any CPU.ActiveCfg = Release|Any CPU
		{E7E5E2C2-A663-4090-978E-8BE869A8DA57}.Release|Any CPU.Build.0 = Release|Any CPU
		{4CEBE69E-5C84-4726-B350-93DA2ADDD9AB}.Debug|Any CPU.ActiveCfg = Debug|Any CPU
		{4CEBE69E-5C84-4726-B350-93DA2ADDD9AB}.Debug|Any CPU.Build.0 = Debug|Any CPU
		{4CEBE69E-5C84-4726-B350-93DA2ADDD9AB}.Release|Any CPU.ActiveCfg = Release|Any CPU
		{4CEBE69E-5C84-4726-B350-93DA2ADDD9AB}.Release|Any CPU.Build.0 = Release|Any CPU
		{70C6DD0D-4E65-4F98-9BD0-18DAD71FF4D6}.Debug|Any CPU.ActiveCfg = Debug|Any CPU
		{70C6DD0D-4E65-4F98-9BD0-18DAD71FF4D6}.Debug|Any CPU.Build.0 = Debug|Any CPU
		{70C6DD0D-4E65-4F98-9BD0-18DAD71FF4D6}.Release|Any CPU.ActiveCfg = Release|Any CPU
		{70C6DD0D-4E65-4F98-9BD0-18DAD71FF4D6}.Release|Any CPU.Build.0 = Release|Any CPU
		{F42121C1-5EEE-4F54-8A35-B23ECCC72461}.Debug|Any CPU.ActiveCfg = Debug|Any CPU
		{F42121C1-5EEE-4F54-8A35-B23ECCC72461}.Debug|Any CPU.Build.0 = Debug|Any CPU
		{F42121C1-5EEE-4F54-8A35-B23ECCC72461}.Release|Any CPU.ActiveCfg = Release|Any CPU
		{F42121C1-5EEE-4F54-8A35-B23ECCC72461}.Release|Any CPU.Build.0 = Release|Any CPU
		{37529B55-3E19-4DB4-8EAA-057C88F2A7F5}.Debug|Any CPU.ActiveCfg = Debug|Any CPU
		{37529B55-3E19-4DB4-8EAA-057C88F2A7F5}.Debug|Any CPU.Build.0 = Debug|Any CPU
		{37529B55-3E19-4DB4-8EAA-057C88F2A7F5}.Release|Any CPU.ActiveCfg = Release|Any CPU
		{37529B55-3E19-4DB4-8EAA-057C88F2A7F5}.Release|Any CPU.Build.0 = Release|Any CPU
		{F9D9DAE6-59D8-4DC2-BA4C-EB4E66296961}.Debug|Any CPU.ActiveCfg = Debug|Any CPU
		{F9D9DAE6-59D8-4DC2-BA4C-EB4E66296961}.Debug|Any CPU.Build.0 = Debug|Any CPU
		{F9D9DAE6-59D8-4DC2-BA4C-EB4E66296961}.Release|Any CPU.ActiveCfg = Release|Any CPU
		{F9D9DAE6-59D8-4DC2-BA4C-EB4E66296961}.Release|Any CPU.Build.0 = Release|Any CPU
		{973F87C3-F330-4943-98DF-CA775B58CA4C}.Debug|Any CPU.ActiveCfg = Debug|Any CPU
		{973F87C3-F330-4943-98DF-CA775B58CA4C}.Debug|Any CPU.Build.0 = Debug|Any CPU
		{973F87C3-F330-4943-98DF-CA775B58CA4C}.Release|Any CPU.ActiveCfg = Release|Any CPU
		{973F87C3-F330-4943-98DF-CA775B58CA4C}.Release|Any CPU.Build.0 = Release|Any CPU
		{D05C26FC-4A15-4719-902B-A5204CE12784}.Debug|Any CPU.ActiveCfg = Debug|Any CPU
		{D05C26FC-4A15-4719-902B-A5204CE12784}.Debug|Any CPU.Build.0 = Debug|Any CPU
		{D05C26FC-4A15-4719-902B-A5204CE12784}.Release|Any CPU.ActiveCfg = Release|Any CPU
		{D05C26FC-4A15-4719-902B-A5204CE12784}.Release|Any CPU.Build.0 = Release|Any CPU
		{9202B939-D937-4CD6-8313-C78B8358A379}.Debug|Any CPU.ActiveCfg = Debug|Any CPU
		{9202B939-D937-4CD6-8313-C78B8358A379}.Debug|Any CPU.Build.0 = Debug|Any CPU
		{9202B939-D937-4CD6-8313-C78B8358A379}.Release|Any CPU.ActiveCfg = Release|Any CPU
		{9202B939-D937-4CD6-8313-C78B8358A379}.Release|Any CPU.Build.0 = Release|Any CPU
		{48158300-4701-4694-A242-7D3FFB31A1AA}.Debug|Any CPU.ActiveCfg = Debug|Any CPU
		{48158300-4701-4694-A242-7D3FFB31A1AA}.Debug|Any CPU.Build.0 = Debug|Any CPU
		{48158300-4701-4694-A242-7D3FFB31A1AA}.Release|Any CPU.ActiveCfg = Release|Any CPU
		{48158300-4701-4694-A242-7D3FFB31A1AA}.Release|Any CPU.Build.0 = Release|Any CPU
	EndGlobalSection
	GlobalSection(NestedProjects) = preSolution
		{A5812304-6852-4F9E-B901-D35A53A90261} = {93B4138A-9BF0-426E-944A-B7F029F48DF0}
		{CE75C10E-DF6C-4BF5-8DAA-BBB5E569FFAD} = {93B4138A-9BF0-426E-944A-B7F029F48DF0}
		{E80A72D3-95A1-432B-9660-93A365B82390} = {887D53BD-56A3-406A-BC5E-39291E5BFB53}
		{ED383753-F462-4D10-915B-5B6ACED96F56} = {887D53BD-56A3-406A-BC5E-39291E5BFB53}
		{38CD1642-700B-4CCB-B640-7FE01381AA19} = {651AE1AD-FDE1-41AB-8995-1A0C56C714CC}
		{05DFA854-4948-4A2A-9F96-469091DACFC1} = {651AE1AD-FDE1-41AB-8995-1A0C56C714CC}
		{7CF15C4E-D30D-4304-AE99-5B3A2B36D6C7} = {47146359-9C01-42F0-9BC3-25CF7FF00606}
		{0D140C26-68F2-4548-9804-A88A08F08B7D} = {47146359-9C01-42F0-9BC3-25CF7FF00606}
		{8E9DE2A0-053B-45E3-9BA1-6190B9DD44F9} = {875728F8-F1FA-4EDA-A8B0-BD88E336DC66}
		{B54598E2-AE2B-4999-82E6-046461D16F34} = {875728F8-F1FA-4EDA-A8B0-BD88E336DC66}
		{7B60F93E-9713-4E9E-BAF9-C8F3BE5D7613} = {C5B8D691-F756-4D09-B0D0-45B3203D7D76}
		{7B9C5D6F-B56E-426F-96BF-5763A7736FC6} = {C5B8D691-F756-4D09-B0D0-45B3203D7D76}
		{36DD7B65-C979-4215-B8F9-30CCCF48D5EE} = {71AE9F5E-6444-47E9-AA5B-64A846C1A5AF}
		{ED58EF71-13D2-45F3-985C-F274F1C14CE7} = {71AE9F5E-6444-47E9-AA5B-64A846C1A5AF}
		{E7E5E2C2-A663-4090-978E-8BE869A8DA57} = {FD1F7532-292E-4A5A-BD82-D1764844FD38}
		{4CEBE69E-5C84-4726-B350-93DA2ADDD9AB} = {FD1F7532-292E-4A5A-BD82-D1764844FD38}
		{CCBA0B6A-D911-4133-A66B-726D9A95DF29} = {552A39A2-23EB-4C08-B4BC-D2D381984CD7}
		{70C6DD0D-4E65-4F98-9BD0-18DAD71FF4D6} = {CCBA0B6A-D911-4133-A66B-726D9A95DF29}
		{F42121C1-5EEE-4F54-8A35-B23ECCC72461} = {CCBA0B6A-D911-4133-A66B-726D9A95DF29}
		{B61409CC-59C3-4230-813E-B00BF8743527} = {552A39A2-23EB-4C08-B4BC-D2D381984CD7}
		{37529B55-3E19-4DB4-8EAA-057C88F2A7F5} = {B61409CC-59C3-4230-813E-B00BF8743527}
		{F9D9DAE6-59D8-4DC2-BA4C-EB4E66296961} = {B61409CC-59C3-4230-813E-B00BF8743527}
		{8E286150-B195-40D9-8C74-C6A06530F5C0} = {552A39A2-23EB-4C08-B4BC-D2D381984CD7}
		{973F87C3-F330-4943-98DF-CA775B58CA4C} = {8E286150-B195-40D9-8C74-C6A06530F5C0}
		{D05C26FC-4A15-4719-902B-A5204CE12784} = {8E286150-B195-40D9-8C74-C6A06530F5C0}
		{CA63B94E-975D-4DED-9FA8-31CE96309C7B} = {552A39A2-23EB-4C08-B4BC-D2D381984CD7}
		{9202B939-D937-4CD6-8313-C78B8358A379} = {CA63B94E-975D-4DED-9FA8-31CE96309C7B}
		{48158300-4701-4694-A242-7D3FFB31A1AA} = {CA63B94E-975D-4DED-9FA8-31CE96309C7B}
	EndGlobalSection
EndGlobal
