
Microsoft Visual Studio Solution File, Format Version 12.00
# Visual Studio Version 17
VisualStudioVersion = 17.0.31903.59
MinimumVisualStudioVersion = 10.0.40219.1
Project("{2150E333-8FDC-42A3-9474-1A3956D46DE8}") = "ErrorCalculatorApi", "ErrorCalculatorApi", "{B273FAEA-5F32-4F28-8FBD-D3BA21484E75}"
EndProject
Project("{FAE04EC0-301F-11D3-BF4B-00C04F79EFBC}") = "ErrorCalculatorApi", "ErrorCalculatorApi\Server\ErrorCalculatorApi.csproj", "{9086033B-236D-49FB-BB76-B43518B515F6}"
EndProject
Project("{FAE04EC0-301F-11D3-BF4B-00C04F79EFBC}") = "ErrorCalculatorApiTests", "ErrorCalculatorApi\Tests\ErrorCalculatorApiTests.csproj", "{88EF6A0C-EDEE-47F6-96F4-F41EA40E3F39}"
EndProject
Project("{2150E333-8FDC-42A3-9474-1A3956D46DE8}") = "MeterTestSystemApi", "MeterTestSystemApi", "{93B4138A-9BF0-426E-944A-B7F029F48DF0}"
EndProject
Project("{FAE04EC0-301F-11D3-BF4B-00C04F79EFBC}") = "MeterTestSystemApi", "MeterTestSystemApi\Server\MeterTestSystemApi.csproj", "{A5812304-6852-4F9E-B901-D35A53A90261}"
EndProject
Project("{FAE04EC0-301F-11D3-BF4B-00C04F79EFBC}") = "MeterTestSystemApiTests", "MeterTestSystemApi\Tests\MeterTestSystemApiTests.csproj", "{CE75C10E-DF6C-4BF5-8DAA-BBB5E569FFAD}"
EndProject
Project("{2150E333-8FDC-42A3-9474-1A3956D46DE8}") = "RefMeterApi", "RefMeterApi", "{60812B97-568E-4C55-9A0F-D228C4CC0B25}"
EndProject
Project("{FAE04EC0-301F-11D3-BF4B-00C04F79EFBC}") = "RefMeterApi", "RefMeterApi\Server\RefMeterApi.csproj", "{F01464F3-3E0B-423E-9716-4E8BCC3912AD}"
EndProject
Project("{FAE04EC0-301F-11D3-BF4B-00C04F79EFBC}") = "RefMeterApiTests", "RefMeterApi\Tests\RefMeterApiTests.csproj", "{F4DFA446-4FDC-43D4-ACDD-57767179A354}"
EndProject
Project("{2150E333-8FDC-42A3-9474-1A3956D46DE8}") = "SerialPortProxy", "SerialPortProxy", "{887D53BD-56A3-406A-BC5E-39291E5BFB53}"
EndProject
Project("{FAE04EC0-301F-11D3-BF4B-00C04F79EFBC}") = "SerialPortProxy", "SerialPortProxy\Library\SerialPortProxy.csproj", "{E80A72D3-95A1-432B-9660-93A365B82390}"
EndProject
Project("{FAE04EC0-301F-11D3-BF4B-00C04F79EFBC}") = "SerialPortProxyTests", "SerialPortProxy\Tests\SerialPortProxyTests.csproj", "{ED383753-F462-4D10-915B-5B6ACED96F56}"
EndProject
Project("{2150E333-8FDC-42A3-9474-1A3956D46DE8}") = "SourceApi", "SourceApi", "{513327ED-552B-427B-93F5-D44E8EFED6F0}"
EndProject
Project("{FAE04EC0-301F-11D3-BF4B-00C04F79EFBC}") = "SourceApi", "SourceApi\Server\SourceApi.csproj", "{026A798C-67BB-4A46-A3A1-0836F6A3C1E5}"
EndProject
Project("{FAE04EC0-301F-11D3-BF4B-00C04F79EFBC}") = "SourceApiTests", "SourceApi\Tests\SourceApiTests.csproj", "{400774FB-1B29-4752-A7C5-C0B957171190}"
EndProject
Project("{2150E333-8FDC-42A3-9474-1A3956D46DE8}") = "WebServer", "WebServer", "{651AE1AD-FDE1-41AB-8995-1A0C56C714CC}"
EndProject
Project("{FAE04EC0-301F-11D3-BF4B-00C04F79EFBC}") = "WebSamDeviceApis", "WebServer\Server\WebSamDeviceApis.csproj", "{38CD1642-700B-4CCB-B640-7FE01381AA19}"
EndProject
Project("{FAE04EC0-301F-11D3-BF4B-00C04F79EFBC}") = "WebSamDeviceApis.Tests", "WebServer\Tests\WebSamDeviceApis.Tests.csproj", "{05DFA854-4948-4A2A-9F96-469091DACFC1}"
EndProject
Project("{2150E333-8FDC-42A3-9474-1A3956D46DE8}") = "BarcodeApi", "BarcodeApi", "{47146359-9C01-42F0-9BC3-25CF7FF00606}"
EndProject
Project("{FAE04EC0-301F-11D3-BF4B-00C04F79EFBC}") = "BarcodeApi", "BarcodeApi\Server\BarcodeApi.csproj", "{7CF15C4E-D30D-4304-AE99-5B3A2B36D6C7}"
EndProject
Project("{FAE04EC0-301F-11D3-BF4B-00C04F79EFBC}") = "BarcodeApiTests", "BarcodeApi\Tests\BarcodeApiTests.csproj", "{0D140C26-68F2-4548-9804-A88A08F08B7D}"
EndProject
Project("{2150E333-8FDC-42A3-9474-1A3956D46DE8}") = "DutApi", "DutApi", "{875728F8-F1FA-4EDA-A8B0-BD88E336DC66}"
EndProject
Project("{FAE04EC0-301F-11D3-BF4B-00C04F79EFBC}") = "DutApi", "DutApi\Server\DutApi.csproj", "{8E9DE2A0-053B-45E3-9BA1-6190B9DD44F9}"
EndProject
Project("{FAE04EC0-301F-11D3-BF4B-00C04F79EFBC}") = "DutApiTests", "DutApi\Tests\DutApiTests.csproj", "{B54598E2-AE2B-4999-82E6-046461D16F34}"
EndProject
Project("{2150E333-8FDC-42A3-9474-1A3956D46DE8}") = "ZIFApi", "ZIFApi", "{C5B8D691-F756-4D09-B0D0-45B3203D7D76}"
EndProject
Project("{FAE04EC0-301F-11D3-BF4B-00C04F79EFBC}") = "ZIFApi", "ZIFApi\Server\ZIFApi.csproj", "{7B60F93E-9713-4E9E-BAF9-C8F3BE5D7613}"
EndProject
Project("{FAE04EC0-301F-11D3-BF4B-00C04F79EFBC}") = "ZIFApiTests", "ZIFApi\Tests\ZIFApiTests.csproj", "{7B9C5D6F-B56E-426F-96BF-5763A7736FC6}"
EndProject
Project("{2150E333-8FDC-42A3-9474-1A3956D46DE8}") = "BurdenApi", "BurdenApi", "{71AE9F5E-6444-47E9-AA5B-64A846C1A5AF}"
EndProject
Project("{FAE04EC0-301F-11D3-BF4B-00C04F79EFBC}") = "BurdenApi", "BurdenApi\Server\BurdenApi.csproj", "{36DD7B65-C979-4215-B8F9-30CCCF48D5EE}"
EndProject
Project("{FAE04EC0-301F-11D3-BF4B-00C04F79EFBC}") = "BurdenApiTests", "BurdenApi\Tests\BurdenApiTests.csproj", "{ED58EF71-13D2-45F3-985C-F274F1C14CE7}"
EndProject
Global
	GlobalSection(SolutionConfigurationPlatforms) = preSolution
		Debug|Any CPU = Debug|Any CPU
		Release|Any CPU = Release|Any CPU
	EndGlobalSection
	GlobalSection(SolutionProperties) = preSolution
		HideSolutionNode = FALSE
	EndGlobalSection
	GlobalSection(ProjectConfigurationPlatforms) = postSolution
		{9086033B-236D-49FB-BB76-B43518B515F6}.Debug|Any CPU.ActiveCfg = Debug|Any CPU
		{9086033B-236D-49FB-BB76-B43518B515F6}.Debug|Any CPU.Build.0 = Debug|Any CPU
		{9086033B-236D-49FB-BB76-B43518B515F6}.Release|Any CPU.ActiveCfg = Release|Any CPU
		{9086033B-236D-49FB-BB76-B43518B515F6}.Release|Any CPU.Build.0 = Release|Any CPU
		{88EF6A0C-EDEE-47F6-96F4-F41EA40E3F39}.Debug|Any CPU.ActiveCfg = Debug|Any CPU
		{88EF6A0C-EDEE-47F6-96F4-F41EA40E3F39}.Debug|Any CPU.Build.0 = Debug|Any CPU
		{88EF6A0C-EDEE-47F6-96F4-F41EA40E3F39}.Release|Any CPU.ActiveCfg = Release|Any CPU
		{88EF6A0C-EDEE-47F6-96F4-F41EA40E3F39}.Release|Any CPU.Build.0 = Release|Any CPU
		{A5812304-6852-4F9E-B901-D35A53A90261}.Debug|Any CPU.ActiveCfg = Debug|Any CPU
		{A5812304-6852-4F9E-B901-D35A53A90261}.Debug|Any CPU.Build.0 = Debug|Any CPU
		{A5812304-6852-4F9E-B901-D35A53A90261}.Release|Any CPU.ActiveCfg = Release|Any CPU
		{A5812304-6852-4F9E-B901-D35A53A90261}.Release|Any CPU.Build.0 = Release|Any CPU
		{CE75C10E-DF6C-4BF5-8DAA-BBB5E569FFAD}.Debug|Any CPU.ActiveCfg = Debug|Any CPU
		{CE75C10E-DF6C-4BF5-8DAA-BBB5E569FFAD}.Debug|Any CPU.Build.0 = Debug|Any CPU
		{CE75C10E-DF6C-4BF5-8DAA-BBB5E569FFAD}.Release|Any CPU.ActiveCfg = Release|Any CPU
		{CE75C10E-DF6C-4BF5-8DAA-BBB5E569FFAD}.Release|Any CPU.Build.0 = Release|Any CPU
		{F01464F3-3E0B-423E-9716-4E8BCC3912AD}.Debug|Any CPU.ActiveCfg = Debug|Any CPU
		{F01464F3-3E0B-423E-9716-4E8BCC3912AD}.Debug|Any CPU.Build.0 = Debug|Any CPU
		{F01464F3-3E0B-423E-9716-4E8BCC3912AD}.Release|Any CPU.ActiveCfg = Release|Any CPU
		{F01464F3-3E0B-423E-9716-4E8BCC3912AD}.Release|Any CPU.Build.0 = Release|Any CPU
		{F4DFA446-4FDC-43D4-ACDD-57767179A354}.Debug|Any CPU.ActiveCfg = Debug|Any CPU
		{F4DFA446-4FDC-43D4-ACDD-57767179A354}.Debug|Any CPU.Build.0 = Debug|Any CPU
		{F4DFA446-4FDC-43D4-ACDD-57767179A354}.Release|Any CPU.ActiveCfg = Release|Any CPU
		{F4DFA446-4FDC-43D4-ACDD-57767179A354}.Release|Any CPU.Build.0 = Release|Any CPU
		{E80A72D3-95A1-432B-9660-93A365B82390}.Debug|Any CPU.ActiveCfg = Debug|Any CPU
		{E80A72D3-95A1-432B-9660-93A365B82390}.Debug|Any CPU.Build.0 = Debug|Any CPU
		{E80A72D3-95A1-432B-9660-93A365B82390}.Release|Any CPU.ActiveCfg = Release|Any CPU
		{E80A72D3-95A1-432B-9660-93A365B82390}.Release|Any CPU.Build.0 = Release|Any CPU
		{ED383753-F462-4D10-915B-5B6ACED96F56}.Debug|Any CPU.ActiveCfg = Debug|Any CPU
		{ED383753-F462-4D10-915B-5B6ACED96F56}.Debug|Any CPU.Build.0 = Debug|Any CPU
		{ED383753-F462-4D10-915B-5B6ACED96F56}.Release|Any CPU.ActiveCfg = Release|Any CPU
		{ED383753-F462-4D10-915B-5B6ACED96F56}.Release|Any CPU.Build.0 = Release|Any CPU
		{026A798C-67BB-4A46-A3A1-0836F6A3C1E5}.Debug|Any CPU.ActiveCfg = Debug|Any CPU
		{026A798C-67BB-4A46-A3A1-0836F6A3C1E5}.Debug|Any CPU.Build.0 = Debug|Any CPU
		{026A798C-67BB-4A46-A3A1-0836F6A3C1E5}.Release|Any CPU.ActiveCfg = Release|Any CPU
		{026A798C-67BB-4A46-A3A1-0836F6A3C1E5}.Release|Any CPU.Build.0 = Release|Any CPU
		{400774FB-1B29-4752-A7C5-C0B957171190}.Debug|Any CPU.ActiveCfg = Debug|Any CPU
		{400774FB-1B29-4752-A7C5-C0B957171190}.Debug|Any CPU.Build.0 = Debug|Any CPU
		{400774FB-1B29-4752-A7C5-C0B957171190}.Release|Any CPU.ActiveCfg = Release|Any CPU
		{400774FB-1B29-4752-A7C5-C0B957171190}.Release|Any CPU.Build.0 = Release|Any CPU
		{38CD1642-700B-4CCB-B640-7FE01381AA19}.Debug|Any CPU.ActiveCfg = Debug|Any CPU
		{38CD1642-700B-4CCB-B640-7FE01381AA19}.Debug|Any CPU.Build.0 = Debug|Any CPU
		{38CD1642-700B-4CCB-B640-7FE01381AA19}.Release|Any CPU.ActiveCfg = Release|Any CPU
		{38CD1642-700B-4CCB-B640-7FE01381AA19}.Release|Any CPU.Build.0 = Release|Any CPU
		{05DFA854-4948-4A2A-9F96-469091DACFC1}.Debug|Any CPU.ActiveCfg = Debug|Any CPU
		{05DFA854-4948-4A2A-9F96-469091DACFC1}.Debug|Any CPU.Build.0 = Debug|Any CPU
		{05DFA854-4948-4A2A-9F96-469091DACFC1}.Release|Any CPU.ActiveCfg = Release|Any CPU
		{05DFA854-4948-4A2A-9F96-469091DACFC1}.Release|Any CPU.Build.0 = Release|Any CPU
		{7CF15C4E-D30D-4304-AE99-5B3A2B36D6C7}.Debug|Any CPU.ActiveCfg = Debug|Any CPU
		{7CF15C4E-D30D-4304-AE99-5B3A2B36D6C7}.Debug|Any CPU.Build.0 = Debug|Any CPU
		{7CF15C4E-D30D-4304-AE99-5B3A2B36D6C7}.Release|Any CPU.ActiveCfg = Release|Any CPU
		{7CF15C4E-D30D-4304-AE99-5B3A2B36D6C7}.Release|Any CPU.Build.0 = Release|Any CPU
		{0D140C26-68F2-4548-9804-A88A08F08B7D}.Debug|Any CPU.ActiveCfg = Debug|Any CPU
		{0D140C26-68F2-4548-9804-A88A08F08B7D}.Debug|Any CPU.Build.0 = Debug|Any CPU
		{0D140C26-68F2-4548-9804-A88A08F08B7D}.Release|Any CPU.ActiveCfg = Release|Any CPU
		{0D140C26-68F2-4548-9804-A88A08F08B7D}.Release|Any CPU.Build.0 = Release|Any CPU
		{8E9DE2A0-053B-45E3-9BA1-6190B9DD44F9}.Debug|Any CPU.ActiveCfg = Debug|Any CPU
		{8E9DE2A0-053B-45E3-9BA1-6190B9DD44F9}.Debug|Any CPU.Build.0 = Debug|Any CPU
		{8E9DE2A0-053B-45E3-9BA1-6190B9DD44F9}.Release|Any CPU.ActiveCfg = Release|Any CPU
		{8E9DE2A0-053B-45E3-9BA1-6190B9DD44F9}.Release|Any CPU.Build.0 = Release|Any CPU
		{B54598E2-AE2B-4999-82E6-046461D16F34}.Debug|Any CPU.ActiveCfg = Debug|Any CPU
		{B54598E2-AE2B-4999-82E6-046461D16F34}.Debug|Any CPU.Build.0 = Debug|Any CPU
		{B54598E2-AE2B-4999-82E6-046461D16F34}.Release|Any CPU.ActiveCfg = Release|Any CPU
		{B54598E2-AE2B-4999-82E6-046461D16F34}.Release|Any CPU.Build.0 = Release|Any CPU
		{7B60F93E-9713-4E9E-BAF9-C8F3BE5D7613}.Debug|Any CPU.ActiveCfg = Debug|Any CPU
		{7B60F93E-9713-4E9E-BAF9-C8F3BE5D7613}.Debug|Any CPU.Build.0 = Debug|Any CPU
		{7B60F93E-9713-4E9E-BAF9-C8F3BE5D7613}.Release|Any CPU.ActiveCfg = Release|Any CPU
		{7B60F93E-9713-4E9E-BAF9-C8F3BE5D7613}.Release|Any CPU.Build.0 = Release|Any CPU
		{7B9C5D6F-B56E-426F-96BF-5763A7736FC6}.Debug|Any CPU.ActiveCfg = Debug|Any CPU
		{7B9C5D6F-B56E-426F-96BF-5763A7736FC6}.Debug|Any CPU.Build.0 = Debug|Any CPU
		{7B9C5D6F-B56E-426F-96BF-5763A7736FC6}.Release|Any CPU.ActiveCfg = Release|Any CPU
		{7B9C5D6F-B56E-426F-96BF-5763A7736FC6}.Release|Any CPU.Build.0 = Release|Any CPU
		{36DD7B65-C979-4215-B8F9-30CCCF48D5EE}.Debug|Any CPU.ActiveCfg = Debug|Any CPU
		{36DD7B65-C979-4215-B8F9-30CCCF48D5EE}.Debug|Any CPU.Build.0 = Debug|Any CPU
		{36DD7B65-C979-4215-B8F9-30CCCF48D5EE}.Release|Any CPU.ActiveCfg = Release|Any CPU
		{36DD7B65-C979-4215-B8F9-30CCCF48D5EE}.Release|Any CPU.Build.0 = Release|Any CPU
		{ED58EF71-13D2-45F3-985C-F274F1C14CE7}.Debug|Any CPU.ActiveCfg = Debug|Any CPU
		{ED58EF71-13D2-45F3-985C-F274F1C14CE7}.Debug|Any CPU.Build.0 = Debug|Any CPU
		{ED58EF71-13D2-45F3-985C-F274F1C14CE7}.Release|Any CPU.ActiveCfg = Release|Any CPU
		{ED58EF71-13D2-45F3-985C-F274F1C14CE7}.Release|Any CPU.Build.0 = Release|Any CPU
	EndGlobalSection
	GlobalSection(NestedProjects) = preSolution
		{9086033B-236D-49FB-BB76-B43518B515F6} = {B273FAEA-5F32-4F28-8FBD-D3BA21484E75}
		{88EF6A0C-EDEE-47F6-96F4-F41EA40E3F39} = {B273FAEA-5F32-4F28-8FBD-D3BA21484E75}
		{A5812304-6852-4F9E-B901-D35A53A90261} = {93B4138A-9BF0-426E-944A-B7F029F48DF0}
		{CE75C10E-DF6C-4BF5-8DAA-BBB5E569FFAD} = {93B4138A-9BF0-426E-944A-B7F029F48DF0}
		{F01464F3-3E0B-423E-9716-4E8BCC3912AD} = {60812B97-568E-4C55-9A0F-D228C4CC0B25}
		{F4DFA446-4FDC-43D4-ACDD-57767179A354} = {60812B97-568E-4C55-9A0F-D228C4CC0B25}
		{E80A72D3-95A1-432B-9660-93A365B82390} = {887D53BD-56A3-406A-BC5E-39291E5BFB53}
		{ED383753-F462-4D10-915B-5B6ACED96F56} = {887D53BD-56A3-406A-BC5E-39291E5BFB53}
		{026A798C-67BB-4A46-A3A1-0836F6A3C1E5} = {513327ED-552B-427B-93F5-D44E8EFED6F0}
		{400774FB-1B29-4752-A7C5-C0B957171190} = {513327ED-552B-427B-93F5-D44E8EFED6F0}
		{38CD1642-700B-4CCB-B640-7FE01381AA19} = {651AE1AD-FDE1-41AB-8995-1A0C56C714CC}
		{05DFA854-4948-4A2A-9F96-469091DACFC1} = {651AE1AD-FDE1-41AB-8995-1A0C56C714CC}
		{7CF15C4E-D30D-4304-AE99-5B3A2B36D6C7} = {47146359-9C01-42F0-9BC3-25CF7FF00606}
		{0D140C26-68F2-4548-9804-A88A08F08B7D} = {47146359-9C01-42F0-9BC3-25CF7FF00606}
		{8E9DE2A0-053B-45E3-9BA1-6190B9DD44F9} = {875728F8-F1FA-4EDA-A8B0-BD88E336DC66}
		{B54598E2-AE2B-4999-82E6-046461D16F34} = {875728F8-F1FA-4EDA-A8B0-BD88E336DC66}
		{7B60F93E-9713-4E9E-BAF9-C8F3BE5D7613} = {C5B8D691-F756-4D09-B0D0-45B3203D7D76}
		{7B9C5D6F-B56E-426F-96BF-5763A7736FC6} = {C5B8D691-F756-4D09-B0D0-45B3203D7D76}
		{36DD7B65-C979-4215-B8F9-30CCCF48D5EE} = {71AE9F5E-6444-47E9-AA5B-64A846C1A5AF}
		{ED58EF71-13D2-45F3-985C-F274F1C14CE7} = {71AE9F5E-6444-47E9-AA5B-64A846C1A5AF}
	EndGlobalSection
EndGlobal
