
Microsoft Visual Studio Solution File, Format Version 12.00
# Visual Studio Version 17
VisualStudioVersion = 17.5.002.0
MinimumVisualStudioVersion = 10.0.40219.1
Project("{9A19103F-16F7-4668-BE54-9A1E7A4F7556}") = "ErrorCalculatorApi", "Server\ErrorCalculatorApi.csproj", "{D0A6302E-E406-4796-81C7-2801151C8836}"
EndProject
Project("{9A19103F-16F7-4668-BE54-9A1E7A4F7556}") = "ErrorCalculatorApiTests", "Tests\ErrorCalculatorApiTests.csproj", "{1E2FE70A-20A9-4D7E-AA18-CE3761A82B0E}"
EndProject
Global
	GlobalSection(SolutionConfigurationPlatforms) = preSolution
		Debug|Any CPU = Debug|Any CPU
		Release|Any CPU = Release|Any CPU
	EndGlobalSection
	GlobalSection(ProjectConfigurationPlatforms) = postSolution
		{D0A6302E-E406-4796-81C7-2801151C8836}.Debug|Any CPU.ActiveCfg = Debug|Any CPU
		{D0A6302E-E406-4796-81C7-2801151C8836}.Debug|Any CPU.Build.0 = Debug|Any CPU
		{D0A6302E-E406-4796-81C7-2801151C8836}.Release|Any CPU.ActiveCfg = Release|Any CPU
		{D0A6302E-E406-4796-81C7-2801151C8836}.Release|Any CPU.Build.0 = Release|Any CPU
		{1E2FE70A-20A9-4D7E-AA18-CE3761A82B0E}.Debug|Any CPU.ActiveCfg = Debug|Any CPU
		{1E2FE70A-20A9-4D7E-AA18-CE3761A82B0E}.Debug|Any CPU.Build.0 = Debug|Any CPU
		{1E2FE70A-20A9-4D7E-AA18-CE3761A82B0E}.Release|Any CPU.ActiveCfg = Release|Any CPU
		{1E2FE70A-20A9-4D7E-AA18-CE3761A82B0E}.Release|Any CPU.Build.0 = Release|Any CPU
	EndGlobalSection
	GlobalSection(SolutionProperties) = preSolution
		HideSolutionNode = FALSE
	EndGlobalSection
	GlobalSection(ExtensibilityGlobals) = postSolution
		SolutionGuid = {EAF310B5-6AD8-471B-916F-35851700EFE4}
	EndGlobalSection
EndGlobal
