
Microsoft Visual Studio Solution File, Format Version 12.00
# Visual Studio Version 17
VisualStudioVersion = 17.5.002.0
MinimumVisualStudioVersion = 10.0.40219.1
Project("{9A19103F-16F7-4668-BE54-9A1E7A4F7556}") = "DeviceApiLib", "Library\DeviceApiLib.csproj", "{B3BA62D4-111D-43D7-BE21-15180D28514B}"
EndProject
Project("{9A19103F-16F7-4668-BE54-9A1E7A4F7556}") = "DeviceApiLibTests", "Tests\DeviceApiLibTests.csproj", "{6BD70439-39FD-40E5-8223-A48558D5CA7F}"
EndProject
Global
	GlobalSection(SolutionConfigurationPlatforms) = preSolution
		Debug|Any CPU = Debug|Any CPU
		Release|Any CPU = Release|Any CPU
	EndGlobalSection
	GlobalSection(ProjectConfigurationPlatforms) = postSolution
		{B3BA62D4-111D-43D7-BE21-15180D28514B}.Debug|Any CPU.ActiveCfg = Debug|Any CPU
		{B3BA62D4-111D-43D7-BE21-15180D28514B}.Debug|Any CPU.Build.0 = Debug|Any CPU
		{B3BA62D4-111D-43D7-BE21-15180D28514B}.Release|Any CPU.ActiveCfg = Release|Any CPU
		{B3BA62D4-111D-43D7-BE21-15180D28514B}.Release|Any CPU.Build.0 = Release|Any CPU
		{6BD70439-39FD-40E5-8223-A48558D5CA7F}.Debug|Any CPU.ActiveCfg = Debug|Any CPU
		{6BD70439-39FD-40E5-8223-A48558D5CA7F}.Debug|Any CPU.Build.0 = Debug|Any CPU
		{6BD70439-39FD-40E5-8223-A48558D5CA7F}.Release|Any CPU.ActiveCfg = Release|Any CPU
		{6BD70439-39FD-40E5-8223-A48558D5CA7F}.Release|Any CPU.Build.0 = Release|Any CPU
	EndGlobalSection
	GlobalSection(SolutionProperties) = preSolution
		HideSolutionNode = FALSE
	EndGlobalSection
	GlobalSection(ExtensibilityGlobals) = postSolution
		SolutionGuid = {948EE3C5-8872-499D-A6B8-0E4CAAC58AD2}
	EndGlobalSection
EndGlobal
