
Microsoft Visual Studio Solution File, Format Version 12.00
# Visual Studio Version 17
VisualStudioVersion = 17.5.002.0
MinimumVisualStudioVersion = 10.0.40219.1
Project("{9A19103F-16F7-4668-BE54-9A1E7A4F7556}") = "RefMeterApi", "Server\RefMeterApi.csproj", "{7852417B-0D1E-4DCF-A825-427F6ABD8CDD}"
EndProject
Project("{9A19103F-16F7-4668-BE54-9A1E7A4F7556}") = "RefMeterApiTests", "Tests\RefMeterApiTests.csproj", "{B4295635-963A-4BE8-A25D-CCE1E4CDE4D6}"
EndProject
Global
	GlobalSection(SolutionConfigurationPlatforms) = preSolution
		Debug|Any CPU = Debug|Any CPU
		Release|Any CPU = Release|Any CPU
	EndGlobalSection
	GlobalSection(ProjectConfigurationPlatforms) = postSolution
		{7852417B-0D1E-4DCF-A825-427F6ABD8CDD}.Debug|Any CPU.ActiveCfg = Debug|Any CPU
		{7852417B-0D1E-4DCF-A825-427F6ABD8CDD}.Debug|Any CPU.Build.0 = Debug|Any CPU
		{7852417B-0D1E-4DCF-A825-427F6ABD8CDD}.Release|Any CPU.ActiveCfg = Release|Any CPU
		{7852417B-0D1E-4DCF-A825-427F6ABD8CDD}.Release|Any CPU.Build.0 = Release|Any CPU
		{B4295635-963A-4BE8-A25D-CCE1E4CDE4D6}.Debug|Any CPU.ActiveCfg = Debug|Any CPU
		{B4295635-963A-4BE8-A25D-CCE1E4CDE4D6}.Debug|Any CPU.Build.0 = Debug|Any CPU
		{B4295635-963A-4BE8-A25D-CCE1E4CDE4D6}.Release|Any CPU.ActiveCfg = Release|Any CPU
		{B4295635-963A-4BE8-A25D-CCE1E4CDE4D6}.Release|Any CPU.Build.0 = Release|Any CPU
	EndGlobalSection
	GlobalSection(SolutionProperties) = preSolution
		HideSolutionNode = FALSE
	EndGlobalSection
	GlobalSection(ExtensibilityGlobals) = postSolution
		SolutionGuid = {6F566D9B-9577-4E93-BED4-DB8EF46409FC}
	EndGlobalSection
EndGlobal
